Microsoft Visual Studio Solution File, Format Version 8.00
Project("{FAE04EC0-301F-11D3-BF4B-00C04F79EFBC}") = "ProxyServer", "ProxyServer.csproj", "{6EC6AC6A-1095-4645-A457-B31A32D8DEB0}"
	ProjectSection(ProjectDependencies) = postProject
	EndProjectSection
EndProject
Global
	GlobalSection(SolutionConfiguration) = preSolution
		Debug = Debug
		Release = Release
	EndGlobalSection
	GlobalSection(ProjectConfiguration) = postSolution
		{6EC6AC6A-1095-4645-A457-B31A32D8DEB0}.Debug.ActiveCfg = Debug|.NET
		{6EC6AC6A-1095-4645-A457-B31A32D8DEB0}.Debug.Build.0 = Debug|.NET
		{6EC6AC6A-1095-4645-A457-B31A32D8DEB0}.Release.ActiveCfg = Release|.NET
		{6EC6AC6A-1095-4645-A457-B31A32D8DEB0}.Release.Build.0 = Release|.NET
	EndGlobalSection
	GlobalSection(ExtensibilityGlobals) = postSolution
	EndGlobalSection
	GlobalSection(ExtensibilityAddIns) = postSolution
	EndGlobalSection
EndGlobal
