
Microsoft Visual Studio Solution File, Format Version 12.00
# Visual Studio 14
VisualStudioVersion = 14.0.25420.1
MinimumVisualStudioVersion = 10.0.40219.1
Project("{FAE04EC0-301F-11D3-BF4B-00C04F79EFBC}") = "Cooshu.Spider", "Cooshu.Spider\Cooshu.Spider.csproj", "{EC1CA1B8-70E2-4577-98CF-89BCB843AA87}"
EndProject
Project("{FAE04EC0-301F-11D3-BF4B-00C04F79EFBC}") = "Cooshu.Spider.Model", "Cooshu.Spider.Model\Cooshu.Spider.Model.csproj", "{CA5E84C6-CA1F-4EB4-8AB7-4E67225ECE47}"
EndProject
Project("{FAE04EC0-301F-11D3-BF4B-00C04F79EFBC}") = "CaptchaExtractor", "CaptchaExtractor\CaptchaExtractor.csproj", "{72A2AD64-843B-422A-8FA9-6C201D2B3F64}"
EndProject
Project("{FAE04EC0-301F-11D3-BF4B-00C04F79EFBC}") = "CaptchaExtractorTest", "CaptchaExtractorTest\CaptchaExtractorTest.csproj", "{7594ED9C-B00D-403B-BEE3-D35A73225815}"
EndProject
Global
	GlobalSection(SolutionConfigurationPlatforms) = preSolution
		Debug|Any CPU = Debug|Any CPU
		Release|Any CPU = Release|Any CPU
	EndGlobalSection
	GlobalSection(ProjectConfigurationPlatforms) = postSolution
		{EC1CA1B8-70E2-4577-98CF-89BCB843AA87}.Debug|Any CPU.ActiveCfg = Debug|Any CPU
		{EC1CA1B8-70E2-4577-98CF-89BCB843AA87}.Debug|Any CPU.Build.0 = Debug|Any CPU
		{EC1CA1B8-70E2-4577-98CF-89BCB843AA87}.Release|Any CPU.ActiveCfg = Release|Any CPU
		{EC1CA1B8-70E2-4577-98CF-89BCB843AA87}.Release|Any CPU.Build.0 = Release|Any CPU
		{CA5E84C6-CA1F-4EB4-8AB7-4E67225ECE47}.Debug|Any CPU.ActiveCfg = Debug|Any CPU
		{CA5E84C6-CA1F-4EB4-8AB7-4E67225ECE47}.Debug|Any CPU.Build.0 = Debug|Any CPU
		{CA5E84C6-CA1F-4EB4-8AB7-4E67225ECE47}.Release|Any CPU.ActiveCfg = Release|Any CPU
		{CA5E84C6-CA1F-4EB4-8AB7-4E67225ECE47}.Release|Any CPU.Build.0 = Release|Any CPU
		{72A2AD64-843B-422A-8FA9-6C201D2B3F64}.Debug|Any CPU.ActiveCfg = Debug|Any CPU
		{72A2AD64-843B-422A-8FA9-6C201D2B3F64}.Debug|Any CPU.Build.0 = Debug|Any CPU
		{72A2AD64-843B-422A-8FA9-6C201D2B3F64}.Release|Any CPU.ActiveCfg = Release|Any CPU
		{72A2AD64-843B-422A-8FA9-6C201D2B3F64}.Release|Any CPU.Build.0 = Release|Any CPU
		{7594ED9C-B00D-403B-BEE3-D35A73225815}.Debug|Any CPU.ActiveCfg = Debug|Any CPU
		{7594ED9C-B00D-403B-BEE3-D35A73225815}.Debug|Any CPU.Build.0 = Debug|Any CPU
		{7594ED9C-B00D-403B-BEE3-D35A73225815}.Release|Any CPU.ActiveCfg = Release|Any CPU
		{7594ED9C-B00D-403B-BEE3-D35A73225815}.Release|Any CPU.Build.0 = Release|Any CPU
	EndGlobalSection
	GlobalSection(SolutionProperties) = preSolution
		HideSolutionNode = FALSE
	EndGlobalSection
EndGlobal
